# Code generated by scarb DO NOT EDIT.
version = 1

[[package]]
name = "alexandria_math"
version = "0.3.0"
source = "git+https://github.com/keep-starknet-strange/alexandria.git?tag=v0.3.0#e3715428c990665afc495b5428ef08ab9a2089cd"

[[package]]
name = "btcusd_protocol"
version = "0.1.0"
dependencies = [
 "alexandria_math",
 "openzeppelin_access",
 "openzeppelin_security",
 "openzeppelin_token",
 "snforge_std",
]

[[package]]
name = "openzeppelin_access"
version = "0.20.0"
source = "git+https://github.com/OpenZeppelin/cairo-contracts.git?tag=v0.20.0#7756fd1de2b4ebd239fa6e372d75535cea02e5e5"
dependencies = [
 "openzeppelin_introspection",
]

[[package]]
name = "openzeppelin_account"
version = "0.20.0"
source = "git+https://github.com/OpenZeppelin/cairo-contracts.git?tag=v0.20.0#7756fd1de2b4ebd239fa6e372d75535cea02e5e5"
dependencies = [
 "openzeppelin_introspection",
 "openzeppelin_utils",
]

[[package]]
name = "openzeppelin_introspection"
version = "0.20.0"
source = "git+https://github.com/OpenZeppelin/cairo-contracts.git?tag=v0.20.0#7756fd1de2b4ebd239fa6e372d75535cea02e5e5"

[[package]]
name = "openzeppelin_security"
version = "0.20.0"
source = "git+https://github.com/OpenZeppelin/cairo-contracts.git?tag=v0.20.0#7756fd1de2b4ebd239fa6e372d75535cea02e5e5"

[[package]]
name = "openzeppelin_token"
version = "0.20.0"
source = "git+https://github.com/OpenZeppelin/cairo-contracts.git?tag=v0.20.0#7756fd1de2b4ebd239fa6e372d75535cea02e5e5"
dependencies = [
 "openzeppelin_access",
 "openzeppelin_account",
 "openzeppelin_introspection",
 "openzeppelin_utils",
]

[[package]]
name = "openzeppelin_utils"
version = "0.20.0"
source = "git+https://github.com/OpenZeppelin/cairo-contracts.git?tag=v0.20.0#7756fd1de2b4ebd239fa6e372d75535cea02e5e5"

[[package]]
name = "snforge_scarb_plugin"
version = "0.35.1"
source = "git+https://github.com/foundry-rs/starknet-foundry?tag=v0.35.1#089de2c7a391372a7aaa54ec2706b117f955d06a"

[[package]]
name = "snforge_std"
version = "0.35.1"
source = "git+https://github.com/foundry-rs/starknet-foundry?tag=v0.35.1#089de2c7a391372a7aaa54ec2706b117f955d06a"
dependencies = [
 "snforge_scarb_plugin",
]
